
Microsoft Visual Studio Solution File, Format Version 12.00
# Visual Studio Version 17
VisualStudioVersion = 17.0.31903.59
MinimumVisualStudioVersion = 10.0.40219.1
Project("{2150E333-8FDC-42A3-9474-1A3956D46DE8}") = "src", "src", "{55E4E4A6-0A4F-4B65-BBF3-2A641496DA6D}"
EndProject
Project("{FAE04EC0-301F-11D3-BF4B-00C04F79EFBC}") = "VSProjectAnalyzer", "src\core\VSProjectAnalyzer.csproj", "{503ABC09-8373-4372-B16A-57E0D636A21B}"
EndProject
Project("{2150E333-8FDC-42A3-9474-1A3956D46DE8}") = "tests", "tests", "{B046D89E-7502-42F7-A177-852F37CBC9D3}"
EndProject
Project("{FAE04EC0-301F-11D3-BF4B-00C04F79EFBC}") = "VSProjectAnalyzer.Tests", "tests\VSProjectAnalyzer.Tests\VSProjectAnalyzer.Tests.csproj", "{2C788C69-8943-425F-B88A-0F01F93E1C60}"
EndProject
Global
	GlobalSection(SolutionConfigurationPlatforms) = preSolution
		Debug|Any CPU = Debug|Any CPU
		Release|Any CPU = Release|Any CPU
	EndGlobalSection
	GlobalSection(SolutionProperties) = preSolution
		HideSolutionNode = FALSE
	EndGlobalSection
	GlobalSection(ProjectConfigurationPlatforms) = postSolution
		{503ABC09-8373-4372-B16A-57E0D636A21B}.Debug|Any CPU.ActiveCfg = Debug|Any CPU
		{503ABC09-8373-4372-B16A-57E0D636A21B}.Debug|Any CPU.Build.0 = Debug|Any CPU
		{503ABC09-8373-4372-B16A-57E0D636A21B}.Release|Any CPU.ActiveCfg = Release|Any CPU
		{503ABC09-8373-4372-B16A-57E0D636A21B}.Release|Any CPU.Build.0 = Release|Any CPU
		{2C788C69-8943-425F-B88A-0F01F93E1C60}.Debug|Any CPU.ActiveCfg = Debug|Any CPU
		{2C788C69-8943-425F-B88A-0F01F93E1C60}.Debug|Any CPU.Build.0 = Debug|Any CPU
		{2C788C69-8943-425F-B88A-0F01F93E1C60}.Release|Any CPU.ActiveCfg = Release|Any CPU
		{2C788C69-8943-425F-B88A-0F01F93E1C60}.Release|Any CPU.Build.0 = Release|Any CPU
	EndGlobalSection
	GlobalSection(NestedProjects) = preSolution
		{503ABC09-8373-4372-B16A-57E0D636A21B} = {55E4E4A6-0A4F-4B65-BBF3-2A641496DA6D}
		{2C788C69-8943-425F-B88A-0F01F93E1C60} = {B046D89E-7502-42F7-A177-852F37CBC9D3}
	EndGlobalSection
EndGlobal
